// !$*UTF8*$!
{
	archiveVersion = 1;
	classes = {
	};
	objectVersion = 46;
	objects = {

/* Begin PBXBuildFile section */
		AF1207E21E2BE26E00635715 /* Podfile in Resources */ = {isa = PBXBuildFile; fileRef = AF1207E11E2BE26E00635715 /* Podfile */; };
		AF1207E41E2BEC5200635715 /* SerialConnection.swift in Sources */ = {isa = PBXBuildFile; fileRef = AF1207E31E2BEC5200635715 /* SerialConnection.swift */; };
		AF4D245C1E2C2A3800266375 /* RoboController.pcvd in Resources */ = {isa = PBXBuildFile; fileRef = AF4D245A1E2C2A3800266375 /* RoboController.pcvd */; };
		AF4D245D1E2C2A3800266375 /* RoboControllerStyleKit.swift in Sources */ = {isa = PBXBuildFile; fileRef = AF4D245B1E2C2A3800266375 /* RoboControllerStyleKit.swift */; };
		AF4D245F1E2C2A9900266375 /* ButtonIndicator.swift in Sources */ = {isa = PBXBuildFile; fileRef = AF4D245E1E2C2A9900266375 /* ButtonIndicator.swift */; };
		AF70104E1E2AEE690031C0BC /* AppDelegate.swift in Sources */ = {isa = PBXBuildFile; fileRef = AF70104D1E2AEE690031C0BC /* AppDelegate.swift */; };
		AF7010501E2AEE690031C0BC /* ViewController.swift in Sources */ = {isa = PBXBuildFile; fileRef = AF70104F1E2AEE690031C0BC /* ViewController.swift */; };
		AF7010521E2AEE690031C0BC /* Assets.xcassets in Resources */ = {isa = PBXBuildFile; fileRef = AF7010511E2AEE690031C0BC /* Assets.xcassets */; };
		AF7010551E2AEE6A0031C0BC /* Main.storyboard in Resources */ = {isa = PBXBuildFile; fileRef = AF7010531E2AEE6A0031C0BC /* Main.storyboard */; };
		D752B5021F5E1172A21BA8FC /* Pods_RoboController.framework in Frameworks */ = {isa = PBXBuildFile; fileRef = 7026A721AFD7B745046EB78D /* Pods_RoboController.framework */; };
/* End PBXBuildFile section */

/* Begin PBXFileReference section */
		49692667172160212C78C15B /* Pods-RoboController.debug.xcconfig */ = {isa = PBXFileReference; includeInIndex = 1; lastKnownFileType = text.xcconfig; name = "Pods-RoboController.debug.xcconfig"; path = "Pods/Target Support Files/Pods-RoboController/Pods-RoboController.debug.xcconfig"; sourceTree = "<group>"; };
		7026A721AFD7B745046EB78D /* Pods_RoboController.framework */ = {isa = PBXFileReference; explicitFileType = wrapper.framework; includeInIndex = 0; path = Pods_RoboController.framework; sourceTree = BUILT_PRODUCTS_DIR; };
		AF1207E11E2BE26E00635715 /* Podfile */ = {isa = PBXFileReference; fileEncoding = 4; lastKnownFileType = text; path = Podfile; sourceTree = "<group>"; };
		AF1207E31E2BEC5200635715 /* SerialConnection.swift */ = {isa = PBXFileReference; fileEncoding = 4; lastKnownFileType = sourcecode.swift; path = SerialConnection.swift; sourceTree = "<group>"; };
		AF4D245A1E2C2A3800266375 /* RoboController.pcvd */ = {isa = PBXFileReference; lastKnownFileType = file.bplist; path = RoboController.pcvd; sourceTree = "<group>"; };
		AF4D245B1E2C2A3800266375 /* RoboControllerStyleKit.swift */ = {isa = PBXFileReference; fileEncoding = 4; lastKnownFileType = sourcecode.swift; path = RoboControllerStyleKit.swift; sourceTree = "<group>"; };
		AF4D245E1E2C2A9900266375 /* ButtonIndicator.swift */ = {isa = PBXFileReference; fileEncoding = 4; lastKnownFileType = sourcecode.swift; path = ButtonIndicator.swift; sourceTree = "<group>"; };
		AF70104A1E2AEE690031C0BC /* RoboController.app */ = {isa = PBXFileReference; explicitFileType = wrapper.application; includeInIndex = 0; path = RoboController.app; sourceTree = BUILT_PRODUCTS_DIR; };
		AF70104D1E2AEE690031C0BC /* AppDelegate.swift */ = {isa = PBXFileReference; lastKnownFileType = sourcecode.swift; path = AppDelegate.swift; sourceTree = "<group>"; };
		AF70104F1E2AEE690031C0BC /* ViewController.swift */ = {isa = PBXFileReference; lastKnownFileType = sourcecode.swift; path = ViewController.swift; sourceTree = "<group>"; };
		AF7010511E2AEE690031C0BC /* Assets.xcassets */ = {isa = PBXFileReference; lastKnownFileType = folder.assetcatalog; path = Assets.xcassets; sourceTree = "<group>"; };
		AF7010541E2AEE6A0031C0BC /* Base */ = {isa = PBXFileReference; lastKnownFileType = file.storyboard; name = Base; path = Base.lproj/Main.storyboard; sourceTree = "<group>"; };
		AF7010561E2AEE6A0031C0BC /* Info.plist */ = {isa = PBXFileReference; lastKnownFileType = text.plist.xml; path = Info.plist; sourceTree = "<group>"; };
		D33C85D7A71089EA1B3015C7 /* Pods-RoboController.release.xcconfig */ = {isa = PBXFileReference; includeInIndex = 1; lastKnownFileType = text.xcconfig; name = "Pods-RoboController.release.xcconfig"; path = "Pods/Target Support Files/Pods-RoboController/Pods-RoboController.release.xcconfig"; sourceTree = "<group>"; };
/* End PBXFileReference section */

/* Begin PBXFrameworksBuildPhase section */
		AF7010471E2AEE690031C0BC /* Frameworks */ = {
			isa = PBXFrameworksBuildPhase;
			buildActionMask = 2147483647;
			files = (
				D752B5021F5E1172A21BA8FC /* Pods_RoboController.framework in Frameworks */,
			);
			runOnlyForDeploymentPostprocessing = 0;
		};
/* End PBXFrameworksBuildPhase section */

/* Begin PBXGroup section */
		A085BC0AD0F51E3E4043E1AC /* Frameworks */ = {
			isa = PBXGroup;
			children = (
				7026A721AFD7B745046EB78D /* Pods_RoboController.framework */,
			);
			name = Frameworks;
			sourceTree = "<group>";
		};
		AF4D24591E2C2A1A00266375 /* PaintCode */ = {
			isa = PBXGroup;
			children = (
				AF4D245A1E2C2A3800266375 /* RoboController.pcvd */,
				AF4D245B1E2C2A3800266375 /* RoboControllerStyleKit.swift */,
			);
			name = PaintCode;
			sourceTree = "<group>";
		};
		AF7010411E2AEE690031C0BC = {
			isa = PBXGroup;
			children = (
				AF1207E11E2BE26E00635715 /* Podfile */,
				AF70104C1E2AEE690031C0BC /* RoboController */,
				AF70104B1E2AEE690031C0BC /* Products */,
				EFFAF2282ABD11D5E102E152 /* Pods */,
				A085BC0AD0F51E3E4043E1AC /* Frameworks */,
			);
			sourceTree = "<group>";
		};
		AF70104B1E2AEE690031C0BC /* Products */ = {
			isa = PBXGroup;
			children = (
				AF70104A1E2AEE690031C0BC /* RoboController.app */,
			);
			name = Products;
			sourceTree = "<group>";
		};
		AF70104C1E2AEE690031C0BC /* RoboController */ = {
			isa = PBXGroup;
			children = (
				AF70104D1E2AEE690031C0BC /* AppDelegate.swift */,
				AF1207E31E2BEC5200635715 /* SerialConnection.swift */,
				AF70104F1E2AEE690031C0BC /* ViewController.swift */,
				AF4D245E1E2C2A9900266375 /* ButtonIndicator.swift */,
				AF7010511E2AEE690031C0BC /* Assets.xcassets */,
				AF7010531E2AEE6A0031C0BC /* Main.storyboard */,
				AF7010561E2AEE6A0031C0BC /* Info.plist */,
				AF4D24591E2C2A1A00266375 /* PaintCode */,
			);
			path = RoboController;
			sourceTree = "<group>";
		};
		EFFAF2282ABD11D5E102E152 /* Pods */ = {
			isa = PBXGroup;
			children = (
				49692667172160212C78C15B /* Pods-RoboController.debug.xcconfig */,
				D33C85D7A71089EA1B3015C7 /* Pods-RoboController.release.xcconfig */,
			);
			name = Pods;
			sourceTree = "<group>";
		};
/* End PBXGroup section */

/* Begin PBXNativeTarget section */
		AF7010491E2AEE690031C0BC /* RoboController */ = {
			isa = PBXNativeTarget;
			buildConfigurationList = AF7010591E2AEE6A0031C0BC /* Build configuration list for PBXNativeTarget "RoboController" */;
			buildPhases = (
				52CEFB5051C8370F6F0B821C /* [CP] Check Pods Manifest.lock */,
				AF7010461E2AEE690031C0BC /* Sources */,
				AF7010471E2AEE690031C0BC /* Frameworks */,
				AF7010481E2AEE690031C0BC /* Resources */,
				50EB06E865D2B2C5D39EF8A7 /* [CP] Embed Pods Frameworks */,
				B4C6C86E7F747DE57D82EF85 /* [CP] Copy Pods Resources */,
			);
			buildRules = (
			);
			dependencies = (
			);
			name = RoboController;
			productName = RoboController;
			productReference = AF70104A1E2AEE690031C0BC /* RoboController.app */;
			productType = "com.apple.product-type.application";
		};
/* End PBXNativeTarget section */

/* Begin PBXProject section */
		AF7010421E2AEE690031C0BC /* Project object */ = {
			isa = PBXProject;
			attributes = {
				LastSwiftUpdateCheck = 0820;
				LastUpgradeCheck = 0820;
				ORGANIZATIONNAME = "Anthony Picciano";
				TargetAttributes = {
					AF7010491E2AEE690031C0BC = {
						CreatedOnToolsVersion = 8.2.1;
						DevelopmentTeam = PC5SP4V242;
						ProvisioningStyle = Automatic;
					};
				};
			};
			buildConfigurationList = AF7010451E2AEE690031C0BC /* Build configuration list for PBXProject "RoboController" */;
			compatibilityVersion = "Xcode 3.2";
			developmentRegion = English;
			hasScannedForEncodings = 0;
			knownRegions = (
				en,
				Base,
			);
			mainGroup = AF7010411E2AEE690031C0BC;
			productRefGroup = AF70104B1E2AEE690031C0BC /* Products */;
			projectDirPath = "";
			projectRoot = "";
			targets = (
				AF7010491E2AEE690031C0BC /* RoboController */,
			);
		};
/* End PBXProject section */

/* Begin PBXResourcesBuildPhase section */
		AF7010481E2AEE690031C0BC /* Resources */ = {
			isa = PBXResourcesBuildPhase;
			buildActionMask = 2147483647;
			files = (
				AF4D245C1E2C2A3800266375 /* RoboController.pcvd in Resources */,
				AF1207E21E2BE26E00635715 /* Podfile in Resources */,
				AF7010521E2AEE690031C0BC /* Assets.xcassets in Resources */,
				AF7010551E2AEE6A0031C0BC /* Main.storyboard in Resources */,
			);
			runOnlyForDeploymentPostprocessing = 0;
		};
/* End PBXResourcesBuildPhase section */

/* Begin PBXShellScriptBuildPhase section */
		50EB06E865D2B2C5D39EF8A7 /* [CP] Embed Pods Frameworks */ = {
			isa = PBXShellScriptBuildPhase;
			buildActionMask = 2147483647;
			files = (
			);
			inputPaths = (
			);
			name = "[CP] Embed Pods Frameworks";
			outputPaths = (
			);
			runOnlyForDeploymentPostprocessing = 0;
			shellPath = /bin/sh;
			shellScript = "\"${SRCROOT}/Pods/Target Support Files/Pods-RoboController/Pods-RoboController-frameworks.sh\"\n";
			showEnvVarsInLog = 0;
		};
		52CEFB5051C8370F6F0B821C /* [CP] Check Pods Manifest.lock */ = {
			isa = PBXShellScriptBuildPhase;
			buildActionMask = 2147483647;
			files = (
			);
			inputPaths = (
			);
			name = "[CP] Check Pods Manifest.lock";
			outputPaths = (
			);
			runOnlyForDeploymentPostprocessing = 0;
			shellPath = /bin/sh;
			shellScript = "diff \"${PODS_ROOT}/../Podfile.lock\" \"${PODS_ROOT}/Manifest.lock\" > /dev/null\nif [ $? != 0 ] ; then\n    # print error to STDERR\n    echo \"error: The sandbox is not in sync with the Podfile.lock. Run 'pod install' or update your CocoaPods installation.\" >&2\n    exit 1\nfi\n";
			showEnvVarsInLog = 0;
		};
		B4C6C86E7F747DE57D82EF85 /* [CP] Copy Pods Resources */ = {
			isa = PBXShellScriptBuildPhase;
			buildActionMask = 2147483647;
			files = (
			);
			inputPaths = (
			);
			name = "[CP] Copy Pods Resources";
			outputPaths = (
			);
			runOnlyForDeploymentPostprocessing = 0;
			shellPath = /bin/sh;
			shellScript = "\"${SRCROOT}/Pods/Target Support Files/Pods-RoboController/Pods-RoboController-resources.sh\"\n";
			showEnvVarsInLog = 0;
		};
/* End PBXShellScriptBuildPhase section */

/* Begin PBXSourcesBuildPhase section */
		AF7010461E2AEE690031C0BC /* Sources */ = {
			isa = PBXSourcesBuildPhase;
			buildActionMask = 2147483647;
			files = (
				AF7010501E2AEE690031C0BC /* ViewController.swift in Sources */,
				AF70104E1E2AEE690031C0BC /* AppDelegate.swift in Sources */,
				AF4D245D1E2C2A3800266375 /* RoboControllerStyleKit.swift in Sources */,
				AF1207E41E2BEC5200635715 /* SerialConnection.swift in Sources */,
				AF4D245F1E2C2A9900266375 /* ButtonIndicator.swift in Sources */,
			);
			runOnlyForDeploymentPostprocessing = 0;
		};
/* End PBXSourcesBuildPhase section */

/* Begin PBXVariantGroup section */
		AF7010531E2AEE6A0031C0BC /* Main.storyboard */ = {
			isa = PBXVariantGroup;
			children = (
				AF7010541E2AEE6A0031C0BC /* Base */,
			);
			name = Main.storyboard;
			sourceTree = "<group>";
		};
/* End PBXVariantGroup section */

/* Begin XCBuildConfiguration section */
		AF7010571E2AEE6A0031C0BC /* Debug */ = {
			isa = XCBuildConfiguration;
			buildSettings = {
				ALWAYS_SEARCH_USER_PATHS = NO;
				CLANG_ANALYZER_NONNULL = YES;
				CLANG_CXX_LANGUAGE_STANDARD = "gnu++0x";
				CLANG_CXX_LIBRARY = "libc++";
				CLANG_ENABLE_MODULES = YES;
				CLANG_ENABLE_OBJC_ARC = YES;
				CLANG_WARN_BOOL_CONVERSION = YES;
				CLANG_WARN_CONSTANT_CONVERSION = YES;
				CLANG_WARN_DIRECT_OBJC_ISA_USAGE = YES_ERROR;
				CLANG_WARN_DOCUMENTATION_COMMENTS = YES;
				CLANG_WARN_EMPTY_BODY = YES;
				CLANG_WARN_ENUM_CONVERSION = YES;
				CLANG_WARN_INFINITE_RECURSION = YES;
				CLANG_WARN_INT_CONVERSION = YES;
				CLANG_WARN_OBJC_ROOT_CLASS = YES_ERROR;
				CLANG_WARN_SUSPICIOUS_MOVE = YES;
				CLANG_WARN_UNREACHABLE_CODE = YES;
				CLANG_WARN__DUPLICATE_METHOD_MATCH = YES;
				CODE_SIGN_IDENTITY = "-";
				COPY_PHASE_STRIP = NO;
				DEBUG_INFORMATION_FORMAT = dwarf;
				ENABLE_STRICT_OBJC_MSGSEND = YES;
				ENABLE_TESTABILITY = YES;
				GCC_C_LANGUAGE_STANDARD = gnu99;
				GCC_DYNAMIC_NO_PIC = NO;
				GCC_NO_COMMON_BLOCKS = YES;
				GCC_OPTIMIZATION_LEVEL = 0;
				GCC_PREPROCESSOR_DEFINITIONS = (
					"DEBUG=1",
					"$(inherited)",
				);
				GCC_WARN_64_TO_32_BIT_CONVERSION = YES;
				GCC_WARN_ABOUT_RETURN_TYPE = YES_ERROR;
				GCC_WARN_UNDECLARED_SELECTOR = YES;
				GCC_WARN_UNINITIALIZED_AUTOS = YES_AGGRESSIVE;
				GCC_WARN_UNUSED_FUNCTION = YES;
				GCC_WARN_UNUSED_VARIABLE = YES;
				MACOSX_DEPLOYMENT_TARGET = 10.12;
				MTL_ENABLE_DEBUG_INFO = YES;
				ONLY_ACTIVE_ARCH = YES;
				SDKROOT = macosx;
				SWIFT_ACTIVE_COMPILATION_CONDITIONS = DEBUG;
				SWIFT_OPTIMIZATION_LEVEL = "-Onone";
			};
			name = Debug;
		};
		AF7010581E2AEE6A0031C0BC /* Release */ = {
			isa = XCBuildConfiguration;
			buildSettings = {
				ALWAYS_SEARCH_USER_PATHS = NO;
				CLANG_ANALYZER_NONNULL = YES;
				CLANG_CXX_LANGUAGE_STANDARD = "gnu++0x";
				CLANG_CXX_LIBRARY = "libc++";
				CLANG_ENABLE_MODULES = YES;
				CLANG_ENABLE_OBJC_ARC = YES;
				CLANG_WARN_BOOL_CONVERSION = YES;
				CLANG_WARN_CONSTANT_CONVERSION = YES;
				CLANG_WARN_DIRECT_OBJC_ISA_USAGE = YES_ERROR;
				CLANG_WARN_DOCUMENTATION_COMMENTS = YES;
				CLANG_WARN_EMPTY_BODY = YES;
				CLANG_WARN_ENUM_CONVERSION = YES;
				CLANG_WARN_INFINITE_RECURSION = YES;
				CLANG_WARN_INT_CONVERSION = YES;
				CLANG_WARN_OBJC_ROOT_CLASS = YES_ERROR;
				CLANG_WARN_SUSPICIOUS_MOVE = YES;
				CLANG_WARN_UNREACHABLE_CODE = YES;
				CLANG_WARN__DUPLICATE_METHOD_MATCH = YES;
				CODE_SIGN_IDENTITY = "-";
				COPY_PHASE_STRIP = NO;
				DEBUG_INFORMATION_FORMAT = "dwarf-with-dsym";
				ENABLE_NS_ASSERTIONS = NO;
				ENABLE_STRICT_OBJC_MSGSEND = YES;
				GCC_C_LANGUAGE_STANDARD = gnu99;
				GCC_NO_COMMON_BLOCKS = YES;
				GCC_WARN_64_TO_32_BIT_CONVERSION = YES;
				GCC_WARN_ABOUT_RETURN_TYPE = YES_ERROR;
				GCC_WARN_UNDECLARED_SELECTOR = YES;
				GCC_WARN_UNINITIALIZED_AUTOS = YES_AGGRESSIVE;
				GCC_WARN_UNUSED_FUNCTION = YES;
				GCC_WARN_UNUSED_VARIABLE = YES;
				MACOSX_DEPLOYMENT_TARGET = 10.12;
				MTL_ENABLE_DEBUG_INFO = NO;
				SDKROOT = macosx;
				SWIFT_OPTIMIZATION_LEVEL = "-Owholemodule";
			};
			name = Release;
		};
		AF70105A1E2AEE6A0031C0BC /* Debug */ = {
			isa = XCBuildConfiguration;
			baseConfigurationReference = 49692667172160212C78C15B /* Pods-RoboController.debug.xcconfig */;
			buildSettings = {
				ASSETCATALOG_COMPILER_APPICON_NAME = AppIcon;
				COMBINE_HIDPI_IMAGES = YES;
				DEVELOPMENT_TEAM = PC5SP4V242;
				INFOPLIST_FILE = RoboController/Info.plist;
				LD_RUNPATH_SEARCH_PATHS = "$(inherited) @executable_path/../Frameworks @loader_path/../Frameworks";
				MACOSX_DEPLOYMENT_TARGET = 10.11;
				PRODUCT_BUNDLE_IDENTIFIER = com.picciano.RoboController;
				PRODUCT_NAME = "$(TARGET_NAME)";
				SWIFT_VERSION = 3.0;
			};
			name = Debug;
		};
		AF70105B1E2AEE6A0031C0BC /* Release */ = {
			isa = XCBuildConfiguration;
			baseConfigurationReference = D33C85D7A71089EA1B3015C7 /* Pods-RoboController.release.xcconfig */;
			buildSettings = {
				ASSETCATALOG_COMPILER_APPICON_NAME = AppIcon;
				COMBINE_HIDPI_IMAGES = YES;
				DEVELOPMENT_TEAM = PC5SP4V242;
				INFOPLIST_FILE = RoboController/Info.plist;
				LD_RUNPATH_SEARCH_PATHS = "$(inherited) @executable_path/../Frameworks @loader_path/../Frameworks";
				MACOSX_DEPLOYMENT_TARGET = 10.11;
				PRODUCT_BUNDLE_IDENTIFIER = com.picciano.RoboController;
				PRODUCT_NAME = "$(TARGET_NAME)";
				SWIFT_VERSION = 3.0;
			};
			name = Release;
		};
/* End XCBuildConfiguration section */

/* Begin XCConfigurationList section */
		AF7010451E2AEE690031C0BC /* Build configuration list for PBXProject "RoboController" */ = {
			isa = XCConfigurationList;
			buildConfigurations = (
				AF7010571E2AEE6A0031C0BC /* Debug */,
				AF7010581E2AEE6A0031C0BC /* Release */,
			);
			defaultConfigurationIsVisible = 0;
			defaultConfigurationName = Release;
		};
		AF7010591E2AEE6A0031C0BC /* Build configuration list for PBXNativeTarget "RoboController" */ = {
			isa = XCConfigurationList;
			buildConfigurations = (
				AF70105A1E2AEE6A0031C0BC /* Debug */,
				AF70105B1E2AEE6A0031C0BC /* Release */,
			);
			defaultConfigurationIsVisible = 0;
			defaultConfigurationName = Release;
		};
/* End XCConfigurationList section */
	};
	rootObject = AF7010421E2AEE690031C0BC /* Project object */;
}
